
Microsoft Visual Studio Solution File, Format Version 12.00
# Visual Studio Version 17
VisualStudioVersion = 17.5.33530.505
MinimumVisualStudioVersion = 10.0.40219.1
Project("{9A19103F-16F7-4668-BE54-9A1E7A4F7556}") = "Treatment", "Treatment\Treatment.csproj", "{5BE43E59-3BDB-4008-9444-55C5345C3428}"
EndProject
Project("{2150E333-8FDC-42A3-9474-1A3956D46DE8}") = "Features", "Features", "{9BA5D0D0-A0B2-48F6-9D75-59F78F34CF12}"
EndProject
Project("{9A19103F-16F7-4668-BE54-9A1E7A4F7556}") = "ApiGateway", "ApiGateway\ApiGateway.csproj", "{02DD9031-1417-49E9-A3D1-E645674A658A}"
EndProject
Project("{2150E333-8FDC-42A3-9474-1A3956D46DE8}") = "Data", "Data", "{DD0DAFAE-ED74-45ED-8F62-E178D9009E87}"
EndProject
Project("{FAE04EC0-301F-11D3-BF4B-00C04F79EFBC}") = "Data.Model", "Data.Model\Data.Model.csproj", "{7E310283-2E58-44F7-B0EA-D7F8D80D3CE7}"
EndProject
Project("{FAE04EC0-301F-11D3-BF4B-00C04F79EFBC}") = "Data.DbContext", "Data.DbContext\Data.DbContext.csproj", "{82048D89-75BB-4599-B47D-DBE8FD1811E1}"
EndProject
Project("{FAE04EC0-301F-11D3-BF4B-00C04F79EFBC}") = "Procedures", "Procedures\Procedures.csproj", "{BFBA2AB3-9590-42DD-B29D-E46BA4785D5C}"
EndProject
Project("{9A19103F-16F7-4668-BE54-9A1E7A4F7556}") = "Contracts", "Contracts\Contracts.csproj", "{B7FBE57C-0366-4AE6-9E6C-D908AFBC3EE8}"
EndProject
Global
	GlobalSection(SolutionConfigurationPlatforms) = preSolution
		Debug|Any CPU = Debug|Any CPU
		Release|Any CPU = Release|Any CPU
	EndGlobalSection
	GlobalSection(ProjectConfigurationPlatforms) = postSolution
		{5BE43E59-3BDB-4008-9444-55C5345C3428}.Debug|Any CPU.ActiveCfg = Debug|Any CPU
		{5BE43E59-3BDB-4008-9444-55C5345C3428}.Debug|Any CPU.Build.0 = Debug|Any CPU
		{5BE43E59-3BDB-4008-9444-55C5345C3428}.Release|Any CPU.ActiveCfg = Release|Any CPU
		{5BE43E59-3BDB-4008-9444-55C5345C3428}.Release|Any CPU.Build.0 = Release|Any CPU
		{02DD9031-1417-49E9-A3D1-E645674A658A}.Debug|Any CPU.ActiveCfg = Debug|Any CPU
		{02DD9031-1417-49E9-A3D1-E645674A658A}.Debug|Any CPU.Build.0 = Debug|Any CPU
		{02DD9031-1417-49E9-A3D1-E645674A658A}.Release|Any CPU.ActiveCfg = Release|Any CPU
		{02DD9031-1417-49E9-A3D1-E645674A658A}.Release|Any CPU.Build.0 = Release|Any CPU
		{7E310283-2E58-44F7-B0EA-D7F8D80D3CE7}.Debug|Any CPU.ActiveCfg = Debug|Any CPU
		{7E310283-2E58-44F7-B0EA-D7F8D80D3CE7}.Debug|Any CPU.Build.0 = Debug|Any CPU
		{7E310283-2E58-44F7-B0EA-D7F8D80D3CE7}.Release|Any CPU.ActiveCfg = Release|Any CPU
		{7E310283-2E58-44F7-B0EA-D7F8D80D3CE7}.Release|Any CPU.Build.0 = Release|Any CPU
		{82048D89-75BB-4599-B47D-DBE8FD1811E1}.Debug|Any CPU.ActiveCfg = Debug|Any CPU
		{82048D89-75BB-4599-B47D-DBE8FD1811E1}.Debug|Any CPU.Build.0 = Debug|Any CPU
		{82048D89-75BB-4599-B47D-DBE8FD1811E1}.Release|Any CPU.ActiveCfg = Release|Any CPU
		{82048D89-75BB-4599-B47D-DBE8FD1811E1}.Release|Any CPU.Build.0 = Release|Any CPU
		{BFBA2AB3-9590-42DD-B29D-E46BA4785D5C}.Debug|Any CPU.ActiveCfg = Debug|Any CPU
		{BFBA2AB3-9590-42DD-B29D-E46BA4785D5C}.Debug|Any CPU.Build.0 = Debug|Any CPU
		{BFBA2AB3-9590-42DD-B29D-E46BA4785D5C}.Release|Any CPU.ActiveCfg = Release|Any CPU
		{BFBA2AB3-9590-42DD-B29D-E46BA4785D5C}.Release|Any CPU.Build.0 = Release|Any CPU
		{B7FBE57C-0366-4AE6-9E6C-D908AFBC3EE8}.Debug|Any CPU.ActiveCfg = Debug|Any CPU
		{B7FBE57C-0366-4AE6-9E6C-D908AFBC3EE8}.Debug|Any CPU.Build.0 = Debug|Any CPU
		{B7FBE57C-0366-4AE6-9E6C-D908AFBC3EE8}.Release|Any CPU.ActiveCfg = Release|Any CPU
		{B7FBE57C-0366-4AE6-9E6C-D908AFBC3EE8}.Release|Any CPU.Build.0 = Release|Any CPU
	EndGlobalSection
	GlobalSection(SolutionProperties) = preSolution
		HideSolutionNode = FALSE
	EndGlobalSection
	GlobalSection(NestedProjects) = preSolution
		{5BE43E59-3BDB-4008-9444-55C5345C3428} = {9BA5D0D0-A0B2-48F6-9D75-59F78F34CF12}
		{7E310283-2E58-44F7-B0EA-D7F8D80D3CE7} = {DD0DAFAE-ED74-45ED-8F62-E178D9009E87}
		{82048D89-75BB-4599-B47D-DBE8FD1811E1} = {DD0DAFAE-ED74-45ED-8F62-E178D9009E87}
		{BFBA2AB3-9590-42DD-B29D-E46BA4785D5C} = {9BA5D0D0-A0B2-48F6-9D75-59F78F34CF12}
	EndGlobalSection
	GlobalSection(ExtensibilityGlobals) = postSolution
		SolutionGuid = {C0815825-28A0-4A53-A3DD-D958F087389D}
	EndGlobalSection
EndGlobal
